
Microsoft Visual Studio Solution File, Format Version 12.00
# Visual Studio Version 16
VisualStudioVersion = 16.0.31129.286
MinimumVisualStudioVersion = 10.0.40219.1
Project("{FAE04EC0-301F-11D3-BF4B-00C04F79EFBC}") = "BlogLab.Web", "BlogLab.Web\BlogLab.Web.csproj", "{AD582F3E-1639-41F5-8ACC-1AB6FF69F55E}"
EndProject
Global
	GlobalSection(SolutionConfigurationPlatforms) = preSolution
		Debug|Any CPU = Debug|Any CPU
		Release|Any CPU = Release|Any CPU
	EndGlobalSection
	GlobalSection(ProjectConfigurationPlatforms) = postSolution
		{AD582F3E-1639-41F5-8ACC-1AB6FF69F55E}.Debug|Any CPU.ActiveCfg = Debug|Any CPU
		{AD582F3E-1639-41F5-8ACC-1AB6FF69F55E}.Debug|Any CPU.Build.0 = Debug|Any CPU
		{AD582F3E-1639-41F5-8ACC-1AB6FF69F55E}.Release|Any CPU.ActiveCfg = Release|Any CPU
		{AD582F3E-1639-41F5-8ACC-1AB6FF69F55E}.Release|Any CPU.Build.0 = Release|Any CPU
	EndGlobalSection
	GlobalSection(SolutionProperties) = preSolution
		HideSolutionNode = FALSE
	EndGlobalSection
	GlobalSection(ExtensibilityGlobals) = postSolution
		SolutionGuid = {BFCEA464-CD07-43FF-91C8-AABB516DDD5F}
	EndGlobalSection
EndGlobal
